{
  "nodes": {
    "nixpkgs": {
      "locked": {
        "lastModified": 1606474968,
        "narHash": "sha256-ZmkNkrQb5vNEX2NxKgMEuJcCw7R4N/rB2f9jVSK0djI=",
        "owner": "NixOS",
        "repo": "nixpkgs",
        "rev": "5cd9fe63c70716b0babbbdb8f4491a390ac78cd7",
        "type": "github"
      },
      "original": {
        "id": "nixpkgs",
        "type": "indirect"
      }
    },
    "root": {
      "inputs": {
        "nixpkgs": "nixpkgs"
      }
    }
  },
  "root": "root",
  "version": 7
}
