{
  "nodes": {
    "nixpkgs": {
      "locked": {
        "lastModified": 1639153468,
        "narHash": "sha256-AXlstb8jjYs8HKGTLOuSjIdFLyPQSI5aYPN34qUy+Rc=",
        "owner": "NixOS",
        "repo": "nixpkgs",
        "rev": "cf8f41fe116c8e733c833acd4759d9261ecd6d1f",
        "type": "github"
      },
      "original": {
        "owner": "NixOS",
        "ref": "release-21.11",
        "repo": "nixpkgs",
        "type": "github"
      }
    },
    "root": {
      "inputs": {
        "nixpkgs": "nixpkgs"
      }
    }
  },
  "root": "root",
  "version": 7
}
