{
  "nodes": {
    "nixpkgs": {
      "locked": {
        "lastModified": 1619995281,
        "narHash": "sha256-I2JbDqbZK89dqYMXce+M6HClqH9bLWFpQsBGCCSiKOU=",
        "owner": "NixOS",
        "repo": "nixpkgs",
        "rev": "d67fc7660364bc5bacfa76dfd31976857e006150",
        "type": "github"
      },
      "original": {
        "id": "nixpkgs",
        "type": "indirect"
      }
    },
    "root": {
      "inputs": {
        "nixpkgs": "nixpkgs"
      }
    }
  },
  "root": "root",
  "version": 7
}
